{
  "name": "@infermedica/vue-sentry-plugin",
  "version": "0.1.0",
  "lockfileVersion": 1,
  "requires": true,
  "dependencies": {
    "@sentry/browser": {
      "version": "5.4.3",
      "resolved": "https://registry.npmjs.org/@sentry/browser/-/browser-5.4.3.tgz",
      "integrity": "sha512-5fPlco0/65RpyNy9LMURrZhX1RT1+CAoR06yU65ZB81N3oRuAGDYE85Hs62t0T3EEGTKrMundINHcq8UD1V0xw==",
      "requires": {
        "@sentry/core": "5.4.3",
        "@sentry/types": "5.4.2",
        "@sentry/utils": "5.4.2",
        "tslib": "^1.9.3"
      }
    },
    "@sentry/core": {
      "version": "5.4.3",
      "resolved": "https://registry.npmjs.org/@sentry/core/-/core-5.4.3.tgz",
      "integrity": "sha512-VjRv9BXip2BtCSohi/WQra+Ep4B8ajer1nU1VpKy5tUCjpVfXRpitY23EdEl+MVJH7h6YPZ45JsuFiKGgrtaFQ==",
      "requires": {
        "@sentry/hub": "5.4.3",
        "@sentry/minimal": "5.4.3",
        "@sentry/types": "5.4.2",
        "@sentry/utils": "5.4.2",
        "tslib": "^1.9.3"
      }
    },
    "@sentry/hub": {
      "version": "5.4.3",
      "resolved": "https://registry.npmjs.org/@sentry/hub/-/hub-5.4.3.tgz",
      "integrity": "sha512-97bnk2dDuCdFv2xhujogqPiDDpKOsHxBXH1jOJ5ezr3/uZNsMRr450FDxxJJYDLuSx+qZ/+vUFfdVNjprBsuSg==",
      "requires": {
        "@sentry/types": "5.4.2",
        "@sentry/utils": "5.4.2",
        "tslib": "^1.9.3"
      }
    },
    "@sentry/integrations": {
      "version": "5.4.2",
      "resolved": "https://registry.npmjs.org/@sentry/integrations/-/integrations-5.4.2.tgz",
      "integrity": "sha512-+nPaFdj8v2EBkZsQBF/pOIwqcf32//R3Iz37aMAWuutw0YOgJXJEaPe4GNMpk78bH3ZwVltGlW8RsDD6zgcc7A==",
      "requires": {
        "@sentry/types": "5.4.2",
        "@sentry/utils": "5.4.2",
        "tslib": "^1.9.3"
      }
    },
    "@sentry/minimal": {
      "version": "5.4.3",
      "resolved": "https://registry.npmjs.org/@sentry/minimal/-/minimal-5.4.3.tgz",
      "integrity": "sha512-xSCcKDtVtlmJIGmnlNH2fL++4l7iORJ+pOOfTz1Yjm/Il7Tz9wLVodbEfplXmAbOvgG/x9oilbW0MBSnrwKPfQ==",
      "requires": {
        "@sentry/hub": "5.4.3",
        "@sentry/types": "5.4.2",
        "tslib": "^1.9.3"
      }
    },
    "@sentry/types": {
      "version": "5.4.2",
      "resolved": "https://registry.npmjs.org/@sentry/types/-/types-5.4.2.tgz",
      "integrity": "sha512-yh1fd7x5lLOIZ8W3A1I792B3jowJVCWp4HcTRikjTsjbF8lcURY62m+hiLYUFPTIX99AlFRIPiApDkWiwMGYMA=="
    },
    "@sentry/utils": {
      "version": "5.4.2",
      "resolved": "https://registry.npmjs.org/@sentry/utils/-/utils-5.4.2.tgz",
      "integrity": "sha512-AW7/TGt2HiPQB8lJ8NgMgaFAIDQpKDF+wV8nENRbC1CP1zzcvb1QBF4zBL2auDT4fhkhVa817064s7vlDiJVLQ==",
      "requires": {
        "@sentry/types": "5.4.2",
        "tslib": "^1.9.3"
      }
    },
    "tslib": {
      "version": "1.10.0",
      "resolved": "https://registry.npmjs.org/tslib/-/tslib-1.10.0.tgz",
      "integrity": "sha512-qOebF53frne81cf0S9B41ByenJ3/IuH8yJKngAX35CmiZySA0khhkovshKK+jGCaMnVomla7gVlIcc3EvKPbTQ=="
    }
  }
}
